
Microsoft Visual Studio Solution File, Format Version 12.00
# Visual Studio Version 17
VisualStudioVersion = 17.1.32210.238
MinimumVisualStudioVersion = 10.0.40219.1
Project("{9A19103F-16F7-4668-BE54-9A1E7A4F7556}") = "Sheas-Unlocker", "Sheas-Unlocker.csproj", "{027C57D4-C2E9-46F1-A99E-5D596A14F371}"
EndProject
Project("{FAE04EC0-301F-11D3-BF4B-00C04F79EFBC}") = "Sheas Core", "C:\Users\Space Time\Desktop\Sheas Core\Sheas Core.csproj", "{42491572-0050-4CDA-9189-DFC98BDBBF73}"
EndProject
Global
	GlobalSection(SolutionConfigurationPlatforms) = preSolution
		Debug|Any CPU = Debug|Any CPU
		Release|Any CPU = Release|Any CPU
	EndGlobalSection
	GlobalSection(ProjectConfigurationPlatforms) = postSolution
		{027C57D4-C2E9-46F1-A99E-5D596A14F371}.Debug|Any CPU.ActiveCfg = Debug|Any CPU
		{027C57D4-C2E9-46F1-A99E-5D596A14F371}.Debug|Any CPU.Build.0 = Debug|Any CPU
		{027C57D4-C2E9-46F1-A99E-5D596A14F371}.Release|Any CPU.ActiveCfg = Release|Any CPU
		{027C57D4-C2E9-46F1-A99E-5D596A14F371}.Release|Any CPU.Build.0 = Release|Any CPU
		{42491572-0050-4CDA-9189-DFC98BDBBF73}.Debug|Any CPU.ActiveCfg = Debug|Any CPU
		{42491572-0050-4CDA-9189-DFC98BDBBF73}.Debug|Any CPU.Build.0 = Debug|Any CPU
		{42491572-0050-4CDA-9189-DFC98BDBBF73}.Release|Any CPU.ActiveCfg = Release|Any CPU
		{42491572-0050-4CDA-9189-DFC98BDBBF73}.Release|Any CPU.Build.0 = Release|Any CPU
	EndGlobalSection
	GlobalSection(SolutionProperties) = preSolution
		HideSolutionNode = FALSE
	EndGlobalSection
	GlobalSection(ExtensibilityGlobals) = postSolution
		SolutionGuid = {21F40936-574A-4C5C-82E2-63BA5FC919FF}
	EndGlobalSection
EndGlobal
