
Microsoft Visual Studio Solution File, Format Version 12.00
# Visual Studio Version 16
VisualStudioVersion = 16.0.31702.278
MinimumVisualStudioVersion = 10.0.40219.1
Project("{FAE04EC0-301F-11D3-BF4B-00C04F79EFBC}") = "Sheath-Unblocker", "Sheath-Unblocker.csproj", "{027C57D4-C2E9-46F1-A99E-5D596A14F371}"
EndProject
Global
	GlobalSection(SolutionConfigurationPlatforms) = preSolution
		Debug|Any CPU = Debug|Any CPU
		Release|Any CPU = Release|Any CPU
	EndGlobalSection
	GlobalSection(ProjectConfigurationPlatforms) = postSolution
		{027C57D4-C2E9-46F1-A99E-5D596A14F371}.Debug|Any CPU.ActiveCfg = Debug|Any CPU
		{027C57D4-C2E9-46F1-A99E-5D596A14F371}.Debug|Any CPU.Build.0 = Debug|Any CPU
		{027C57D4-C2E9-46F1-A99E-5D596A14F371}.Release|Any CPU.ActiveCfg = Release|Any CPU
		{027C57D4-C2E9-46F1-A99E-5D596A14F371}.Release|Any CPU.Build.0 = Release|Any CPU
	EndGlobalSection
	GlobalSection(SolutionProperties) = preSolution
		HideSolutionNode = FALSE
	EndGlobalSection
	GlobalSection(ExtensibilityGlobals) = postSolution
		SolutionGuid = {21F40936-574A-4C5C-82E2-63BA5FC919FF}
	EndGlobalSection
EndGlobal
